<?xml version="1.0" encoding="utf-8"?>
<Project ToolsVersion="4.0" xmlns="http://schemas.microsoft.com/developer/msbuild/2003">
  <ItemGroup>
    <Filter Include="Header Files">
      <UniqueIdentifier>{93995380-89BD-4b04-88EB-625FBE52EBFB}</UniqueIdentifier>
      <Extensions>h;hh;hpp;hxx;hm;inl;inc;ipp;xsd</Extensions>
    </Filter>
    <Filter Include="Source Files">
      <UniqueIdentifier>{4FC737F1-C7A5-4376-A066-2A32D752A2FF}</UniqueIdentifier>
      <Extensions>cpp;c;cc;cxx;def;odl;idl;hpj;bat;asm;asmx</Extensions>
    </Filter>
    <Filter Include="Resource Files">
      <UniqueIdentifier>{67DA6AB6-F800-4c08-8B7A-83BB121AAD01}</UniqueIdentifier>
      <Extensions>rc;ico;cur;bmp;dlg;rc2;rct;bin;rgs;gif;jpg;jpeg;jpe;resx;tiff;tif;png;wav;mfcribbon-ms</Extensions>
    </Filter>
    <Filter Include="Shader Files">
      <UniqueIdentifier>{09b7af1b-2a71-469c-8760-4ec11b18424b}</UniqueIdentifier>
    </Filter>
    <Filter Include="Object Files">
      <UniqueIdentifier>{0242496d-bd19-4fdb-b396-04548c2de254}</UniqueIdentifier>
    </Filter>
    <Filter Include="Header Files\Utils">
      <UniqueIdentifier>{fa3ec1a6-2c85-4316-a430-3563b233e45f}</UniqueIdentifier>
    </Filter>
    <Filter Include="Source Files\Utils">
      <UniqueIdentifier>{69e9851e-48fa-4e72-9d56-3c82c0619a59}</UniqueIdentifier>
    </Filter>
    <Filter Include="Source Files\Assets">
      <UniqueIdentifier>{4eb98a65-f967-4410-b8a9-40478f5dc614}</UniqueIdentifier>
    </Filter>
    <Filter Include="Source Files\Enviroment">
      <UniqueIdentifier>{6b517a16-1c98-448a-bfdb-451f39e1e07d}</UniqueIdentifier>
    </Filter>
    <Filter Include="Header Files\Assets">
      <UniqueIdentifier>{f03bdcc1-22cc-420e-905e-33b9ca74b677}</UniqueIdentifier>
    </Filter>
    <Filter Include="Header Files\Enviroment">
      <UniqueIdentifier>{360820c9-1784-4772-94cb-1e4fe6ad3a1b}</UniqueIdentifier>
    </Filter>
    <Filter Include="Shader Files\Model">
      <UniqueIdentifier>{2251d827-133b-4f97-8cc2-84b9a09aaa03}</UniqueIdentifier>
    </Filter>
  </ItemGroup>
  <ItemGroup>
    <ResourceCompile Include="app.rc">
      <Filter>Resource Files</Filter>
    </ResourceCompile>
  </ItemGroup>
  <ItemGroup>
    <ClInclude Include="Resource.h">
      <Filter>Header Files</Filter>
    </ClInclude>
    <ClInclude Include="Form1.h">
      <Filter>Header Files</Filter>
    </ClInclude>
    <ClInclude Include="Config.h">
      <Filter>Header Files\Utils</Filter>
    </ClInclude>
    <ClInclude Include="utilities.h">
      <Filter>Header Files\Utils</Filter>
    </ClInclude>
    <ClInclude Include="Mesh.h">
      <Filter>Header Files\Assets</Filter>
    </ClInclude>
    <ClInclude Include="Camera.h">
      <Filter>Header Files\Enviroment</Filter>
    </ClInclude>
    <ClInclude Include="Shader.h">
      <Filter>Header Files\Assets</Filter>
    </ClInclude>
    <ClInclude Include="TextureParamPainter.h">
      <Filter>Header Files</Filter>
    </ClInclude>
    <ClInclude Include="util_glm.hpp">
      <Filter>Header Files\Utils</Filter>
    </ClInclude>
    <ClInclude Include="ConvexCombMap.h">
      <Filter>Header Files\Utils</Filter>
    </ClInclude>
    <ClInclude Include="Scene.h">
      <Filter>Header Files\Enviroment</Filter>
    </ClInclude>
    <ClInclude Include="Plane.h">
      <Filter>Header Files\Enviroment</Filter>
    </ClInclude>
    <ClInclude Include="Light.h">
      <Filter>Header Files\Enviroment</Filter>
    </ClInclude>
    <ClInclude Include="MeshData.h">
      <Filter>Header Files\Utils</Filter>
    </ClInclude>
    <ClInclude Include="pch.h">
      <Filter>Header Files</Filter>
    </ClInclude>
    <ClInclude Include="Quad.h">
      <Filter>Header Files\Enviroment</Filter>
    </ClInclude>
    <ClInclude Include="Skybox.h">
      <Filter>Header Files\Enviroment</Filter>
    </ClInclude>
    <ClInclude Include="ScreenQuad.h">
      <Filter>Header Files</Filter>
    </ClInclude>
  </ItemGroup>
  <ItemGroup>
    <ClCompile Include="CppCLR_WinformsProject.cpp">
      <Filter>Source Files</Filter>
    </ClCompile>
    <ClCompile Include="AssemblyInfo.cpp">
      <Filter>Source Files</Filter>
    </ClCompile>
    <ClCompile Include="pch.cpp">
      <Filter>Source Files</Filter>
    </ClCompile>
    <ClCompile Include="Shader.cpp">
      <Filter>Source Files\Assets</Filter>
    </ClCompile>
    <ClCompile Include="Mesh.cpp">
      <Filter>Source Files\Assets</Filter>
    </ClCompile>
    <ClCompile Include="Form1.cpp">
      <Filter>Source Files</Filter>
    </ClCompile>
    <ClCompile Include="utilities.cpp">
      <Filter>Source Files\Utils</Filter>
    </ClCompile>
    <ClCompile Include="Camera.cpp">
      <Filter>Source Files\Enviroment</Filter>
    </ClCompile>
    <ClCompile Include="Scene.cpp">
      <Filter>Source Files\Enviroment</Filter>
    </ClCompile>
    <ClCompile Include="TextureParamPainter.cpp">
      <Filter>Source Files</Filter>
    </ClCompile>
    <ClCompile Include="ConvexCombMap.cpp">
      <Filter>Source Files\Utils</Filter>
    </ClCompile>
    <ClCompile Include="Plane.cpp">
      <Filter>Source Files\Enviroment</Filter>
    </ClCompile>
    <ClCompile Include="Light.cpp">
      <Filter>Source Files\Enviroment</Filter>
    </ClCompile>
    <ClCompile Include="MeshData.cpp">
      <Filter>Source Files\Utils</Filter>
    </ClCompile>
    <ClCompile Include="Quad.cpp">
      <Filter>Source Files\Enviroment</Filter>
    </ClCompile>
    <ClCompile Include="Skybox.cpp">
      <Filter>Source Files\Enviroment</Filter>
    </ClCompile>
    <ClCompile Include="ScreenQuad.cpp">
      <Filter>Source Files</Filter>
    </ClCompile>
  </ItemGroup>
  <ItemGroup>
    <Image Include="app.ico">
      <Filter>Resource Files</Filter>
    </Image>
  </ItemGroup>
  <ItemGroup>
    <None Include="assets\shaders\textureParam.fs.glsl">
      <Filter>Shader Files</Filter>
    </None>
    <None Include="assets\shaders\textureParam.vs.glsl">
      <Filter>Shader Files</Filter>
    </None>
    <None Include="assets\shaders\plane.fs.glsl">
      <Filter>Shader Files</Filter>
    </None>
    <None Include="assets\shaders\plane.vs.glsl">
      <Filter>Shader Files</Filter>
    </None>
    <None Include="assets\shaders\drawModel.vs.glsl">
      <Filter>Shader Files\Model</Filter>
    </None>
    <None Include="assets\shaders\drawModel.fs.glsl">
      <Filter>Shader Files\Model</Filter>
    </None>
    <None Include="assets\shaders\drawFace.vs.glsl">
      <Filter>Shader Files\Model</Filter>
    </None>
    <None Include="assets\shaders\drawFace.fs.glsl">
      <Filter>Shader Files\Model</Filter>
    </None>
    <None Include="assets\shaders\drawPoint.fs.glsl">
      <Filter>Shader Files\Model</Filter>
    </None>
    <None Include="assets\shaders\drawPoint.vs.glsl">
      <Filter>Shader Files\Model</Filter>
    </None>
    <None Include="assets\shaders\grid.fs.glsl">
      <Filter>Shader Files\Model</Filter>
    </None>
    <None Include="assets\shaders\grid.vs.glsl">
      <Filter>Shader Files\Model</Filter>
    </None>
    <None Include="assets\shaders\picking.fs.glsl">
      <Filter>Shader Files\Model</Filter>
    </None>
    <None Include="assets\shaders\picking.vs.glsl">
      <Filter>Shader Files\Model</Filter>
    </None>
    <None Include="assets\shaders\shadowMap.fs.glsl">
      <Filter>Shader Files</Filter>
    </None>
    <None Include="assets\shaders\shadowMap.vs.glsl">
      <Filter>Shader Files</Filter>
    </None>
    <None Include="assets\shaders\skybox.fs.glsl">
      <Filter>Shader Files</Filter>
    </None>
    <None Include="assets\shaders\skybox.vs.glsl">
      <Filter>Shader Files</Filter>
    </None>
    <None Include="assets\shaders\screen.fs.glsl">
      <Filter>Shader Files</Filter>
    </None>
    <None Include="assets\shaders\screen.vs.glsl">
      <Filter>Shader Files</Filter>
    </None>
  </ItemGroup>
  <ItemGroup>
    <Object Include="assets\models\UnionSphere.obj">
      <Filter>Object Files</Filter>
    </Object>
    <Object Include="assets\models\armadillo.obj">
      <Filter>Object Files</Filter>
    </Object>
    <Object Include="assets\models\triangles.obj">
      <Filter>Object Files</Filter>
    </Object>
    <Object Include="assets\models\icosahedron.obj">
      <Filter>Object Files</Filter>
    </Object>
    <Object Include="assets\models\octahedron.obj">
      <Filter>Object Files</Filter>
    </Object>
    <Object Include="assets\models\rhombic-triacontahedron.obj">
      <Filter>Object Files</Filter>
    </Object>
    <Object Include="assets\models\selected.obj">
      <Filter>Object Files</Filter>
    </Object>
  </ItemGroup>
</Project>